
Microsoft Visual Studio Solution File, Format Version 12.00
# Visual Studio Version 17
VisualStudioVersion = 17.0.32112.339
MinimumVisualStudioVersion = 10.0.40219.1
Project("{FAE04EC0-301F-11D3-BF4B-00C04F79EFBC}") = "DERS 6", "DERS 6\DERS 6.csproj", "{F900656E-40D6-4B5F-853A-E0D58DEA883A}"
EndProject
Global
	GlobalSection(SolutionConfigurationPlatforms) = preSolution
		Debug|Any CPU = Debug|Any CPU
		Release|Any CPU = Release|Any CPU
	EndGlobalSection
	GlobalSection(ProjectConfigurationPlatforms) = postSolution
		{F900656E-40D6-4B5F-853A-E0D58DEA883A}.Debug|Any CPU.ActiveCfg = Debug|Any CPU
		{F900656E-40D6-4B5F-853A-E0D58DEA883A}.Debug|Any CPU.Build.0 = Debug|Any CPU
		{F900656E-40D6-4B5F-853A-E0D58DEA883A}.Release|Any CPU.ActiveCfg = Release|Any CPU
		{F900656E-40D6-4B5F-853A-E0D58DEA883A}.Release|Any CPU.Build.0 = Release|Any CPU
	EndGlobalSection
	GlobalSection(SolutionProperties) = preSolution
		HideSolutionNode = FALSE
	EndGlobalSection
	GlobalSection(ExtensibilityGlobals) = postSolution
		SolutionGuid = {69F76610-8782-4018-8C09-DC3D2FD47683}
	EndGlobalSection
EndGlobal
