
Microsoft Visual Studio Solution File, Format Version 12.00
# Visual Studio Version 17
VisualStudioVersion = 17.0.32112.339
MinimumVisualStudioVersion = 10.0.40219.1
Project("{FAE04EC0-301F-11D3-BF4B-00C04F79EFBC}") = "ders3", "ders3\ders3.csproj", "{7D500306-A281-481B-82AD-FCF4D9A5BCB1}"
EndProject
Global
	GlobalSection(SolutionConfigurationPlatforms) = preSolution
		Debug|Any CPU = Debug|Any CPU
		Release|Any CPU = Release|Any CPU
	EndGlobalSection
	GlobalSection(ProjectConfigurationPlatforms) = postSolution
		{7D500306-A281-481B-82AD-FCF4D9A5BCB1}.Debug|Any CPU.ActiveCfg = Debug|Any CPU
		{7D500306-A281-481B-82AD-FCF4D9A5BCB1}.Debug|Any CPU.Build.0 = Debug|Any CPU
		{7D500306-A281-481B-82AD-FCF4D9A5BCB1}.Release|Any CPU.ActiveCfg = Release|Any CPU
		{7D500306-A281-481B-82AD-FCF4D9A5BCB1}.Release|Any CPU.Build.0 = Release|Any CPU
	EndGlobalSection
	GlobalSection(SolutionProperties) = preSolution
		HideSolutionNode = FALSE
	EndGlobalSection
	GlobalSection(ExtensibilityGlobals) = postSolution
		SolutionGuid = {E3CAC714-ADE3-47FD-BBAF-30FC081AAFDA}
	EndGlobalSection
EndGlobal
