
Microsoft Visual Studio Solution File, Format Version 12.00
# Visual Studio Version 17
VisualStudioVersion = 17.0.32112.339
MinimumVisualStudioVersion = 10.0.40219.1
Project("{FAE04EC0-301F-11D3-BF4B-00C04F79EFBC}") = "ders2", "ders2\ders2.csproj", "{1783CCD5-A714-423B-9127-073A448AC0AA}"
EndProject
Global
	GlobalSection(SolutionConfigurationPlatforms) = preSolution
		Debug|Any CPU = Debug|Any CPU
		Release|Any CPU = Release|Any CPU
	EndGlobalSection
	GlobalSection(ProjectConfigurationPlatforms) = postSolution
		{1783CCD5-A714-423B-9127-073A448AC0AA}.Debug|Any CPU.ActiveCfg = Debug|Any CPU
		{1783CCD5-A714-423B-9127-073A448AC0AA}.Debug|Any CPU.Build.0 = Debug|Any CPU
		{1783CCD5-A714-423B-9127-073A448AC0AA}.Release|Any CPU.ActiveCfg = Release|Any CPU
		{1783CCD5-A714-423B-9127-073A448AC0AA}.Release|Any CPU.Build.0 = Release|Any CPU
	EndGlobalSection
	GlobalSection(SolutionProperties) = preSolution
		HideSolutionNode = FALSE
	EndGlobalSection
	GlobalSection(ExtensibilityGlobals) = postSolution
		SolutionGuid = {94F1B312-09A2-4903-A46A-9DB37B2AE377}
	EndGlobalSection
EndGlobal
